
Microsoft Visual Studio Solution File, Format Version 12.00
# Visual Studio Version 16
VisualStudioVersion = 16.0.34301.259
MinimumVisualStudioVersion = 10.0.40219.1
Project("{FAE04EC0-301F-11D3-BF4B-00C04F79EFBC}") = "Repaso_1_Laboratorio_5", "Repaso_1_Laboratorio_5.csproj", "{56113FAE-6716-4486-B086-4F65E9CAC2FE}"
EndProject
Global
	GlobalSection(SolutionConfigurationPlatforms) = preSolution
		Debug|Any CPU = Debug|Any CPU
		Release|Any CPU = Release|Any CPU
	EndGlobalSection
	GlobalSection(ProjectConfigurationPlatforms) = postSolution
		{56113FAE-6716-4486-B086-4F65E9CAC2FE}.Debug|Any CPU.ActiveCfg = Debug|Any CPU
		{56113FAE-6716-4486-B086-4F65E9CAC2FE}.Debug|Any CPU.Build.0 = Debug|Any CPU
		{56113FAE-6716-4486-B086-4F65E9CAC2FE}.Release|Any CPU.ActiveCfg = Release|Any CPU
		{56113FAE-6716-4486-B086-4F65E9CAC2FE}.Release|Any CPU.Build.0 = Release|Any CPU
	EndGlobalSection
	GlobalSection(SolutionProperties) = preSolution
		HideSolutionNode = FALSE
	EndGlobalSection
	GlobalSection(ExtensibilityGlobals) = postSolution
		SolutionGuid = {4F22B725-F640-4BEE-AB9E-A4C6E7ACA684}
	EndGlobalSection
EndGlobal
